
Microsoft Visual Studio Solution File, Format Version 12.00
# Visual Studio Version 16
VisualStudioVersion = 16.0.30104.148
MinimumVisualStudioVersion = 10.0.40219.1
Project("{F2A71F9B-5D33-465A-A702-920D77279786}") = "SICP", "SICP\SICP.fsproj", "{98CD9161-9535-4566-A304-98A815499018}"
EndProject
Global
	GlobalSection(SolutionConfigurationPlatforms) = preSolution
		Debug|Any CPU = Debug|Any CPU
		Release|Any CPU = Release|Any CPU
	EndGlobalSection
	GlobalSection(ProjectConfigurationPlatforms) = postSolution
		{98CD9161-9535-4566-A304-98A815499018}.Debug|Any CPU.ActiveCfg = Debug|Any CPU
		{98CD9161-9535-4566-A304-98A815499018}.Debug|Any CPU.Build.0 = Debug|Any CPU
		{98CD9161-9535-4566-A304-98A815499018}.Release|Any CPU.ActiveCfg = Release|Any CPU
		{98CD9161-9535-4566-A304-98A815499018}.Release|Any CPU.Build.0 = Release|Any CPU
	EndGlobalSection
	GlobalSection(SolutionProperties) = preSolution
		HideSolutionNode = FALSE
	EndGlobalSection
	GlobalSection(ExtensibilityGlobals) = postSolution
		SolutionGuid = {5444D263-9E92-4AEA-A0CB-8A60DFA1B653}
	EndGlobalSection
EndGlobal
